Microsoft Visual Studio Solution File, Format Version 10.00
# Visual Studio 2008
Project("{FAE04EC0-301F-11D3-BF4B-00C04F79EFBC}") = "Platformator", "Platformator\Platformator.csproj", "{42D7F0CA-9DF1-4261-B75A-27414AF68EAD}"
	ProjectSection(ProjectDependencies) = postProject
		{623E4442-9799-4E22-9B3F-0AEB6FF5BA66} = {623E4442-9799-4E22-9B3F-0AEB6FF5BA66}
		{C8EEC48A-8A40-47A5-9736-241945E28B24} = {C8EEC48A-8A40-47A5-9736-241945E28B24}
		{E17BAAB0-CE61-4C0C-B11B-06A3684EEB17} = {E17BAAB0-CE61-4C0C-B11B-06A3684EEB17}
		{F3E43AC4-067F-4D6B-8545-1FB6E3CFDE69} = {F3E43AC4-067F-4D6B-8545-1FB6E3CFDE69}
	EndProjectSection
EndProject
Project("{FAE04EC0-301F-11D3-BF4B-00C04F79EFBC}") = "Content", "Content\Content.contentproj", "{623E4442-9799-4E22-9B3F-0AEB6FF5BA66}"
EndProject
Project("{FAE04EC0-301F-11D3-BF4B-00C04F79EFBC}") = "DarkSide", "..\DarkSide\DarkSide.csproj", "{C8EEC48A-8A40-47A5-9736-241945E28B24}"
EndProject
Project("{FAE04EC0-301F-11D3-BF4B-00C04F79EFBC}") = "XnaDevRu.ContentBuilder.Framework", "..\XCB_Source\XnaDevRu.ContentBuilder.Framework\XnaDevRu.ContentBuilder.Framework.csproj", "{6EA3B8C6-6737-4320-8F22-B0BFF7876FC5}"
	ProjectSection(ProjectDependencies) = postProject
		{E17BAAB0-CE61-4C0C-B11B-06A3684EEB17} = {E17BAAB0-CE61-4C0C-B11B-06A3684EEB17}
		{F3E43AC4-067F-4D6B-8545-1FB6E3CFDE69} = {F3E43AC4-067F-4D6B-8545-1FB6E3CFDE69}
		{9822C3E3-31A9-47A9-A520-7CD22F67852E} = {9822C3E3-31A9-47A9-A520-7CD22F67852E}
	EndProjectSection
EndProject
Project("{FAE04EC0-301F-11D3-BF4B-00C04F79EFBC}") = "XNua", "..\XNua01b\src01b\XNua\XNua.csproj", "{E17BAAB0-CE61-4C0C-B11B-06A3684EEB17}"
EndProject
Project("{8BC9CEB8-8B4A-11D0-8D11-00A0C91BC942}") = "XNuaContentImporter", "..\XNua01b\src01b\XNua\XNuaContentImporter\XNuaContentImporter\XNuaContentImporter.vcproj", "{9822C3E3-31A9-47A9-A520-7CD22F67852E}"
EndProject
Project("{FAE04EC0-301F-11D3-BF4B-00C04F79EFBC}") = "XNuaCompiler", "..\XNua01b\src01b\XNua\XNuaContentImporter\XNuaCompiler\XNuaCompiler.csproj", "{F3E43AC4-067F-4D6B-8545-1FB6E3CFDE69}"
EndProject
Global
	GlobalSection(SolutionConfigurationPlatforms) = preSolution
		Debug|Any CPU = Debug|Any CPU
		Debug|Mixed Platforms = Debug|Mixed Platforms
		Debug|Win32 = Debug|Win32
		Debug|x86 = Debug|x86
		Debug|Xbox 360 = Debug|Xbox 360
		Debug|Zune = Debug|Zune
		Release|Any CPU = Release|Any CPU
		Release|Mixed Platforms = Release|Mixed Platforms
		Release|Win32 = Release|Win32
		Release|x86 = Release|x86
		Release|Xbox 360 = Release|Xbox 360
		Release|Zune = Release|Zune
	EndGlobalSection
	GlobalSection(ProjectConfigurationPlatforms) = postSolution
		{42D7F0CA-9DF1-4261-B75A-27414AF68EAD}.Debug|Any CPU.ActiveCfg = Debug|Any CPU
		{42D7F0CA-9DF1-4261-B75A-27414AF68EAD}.Debug|Any CPU.Build.0 = Debug|Any CPU
		{42D7F0CA-9DF1-4261-B75A-27414AF68EAD}.Debug|Mixed Platforms.ActiveCfg = Debug|Any CPU
		{42D7F0CA-9DF1-4261-B75A-27414AF68EAD}.Debug|Mixed Platforms.Build.0 = Debug|Any CPU
		{42D7F0CA-9DF1-4261-B75A-27414AF68EAD}.Debug|Win32.ActiveCfg = Debug|Any CPU
		{42D7F0CA-9DF1-4261-B75A-27414AF68EAD}.Debug|x86.ActiveCfg = Debug|Any CPU
		{42D7F0CA-9DF1-4261-B75A-27414AF68EAD}.Debug|Xbox 360.ActiveCfg = Debug|Any CPU
		{42D7F0CA-9DF1-4261-B75A-27414AF68EAD}.Debug|Zune.ActiveCfg = Debug|Any CPU
		{42D7F0CA-9DF1-4261-B75A-27414AF68EAD}.Release|Any CPU.ActiveCfg = Release|Any CPU
		{42D7F0CA-9DF1-4261-B75A-27414AF68EAD}.Release|Any CPU.Build.0 = Release|Any CPU
		{42D7F0CA-9DF1-4261-B75A-27414AF68EAD}.Release|Mixed Platforms.ActiveCfg = Release|Any CPU
		{42D7F0CA-9DF1-4261-B75A-27414AF68EAD}.Release|Mixed Platforms.Build.0 = Release|Any CPU
		{42D7F0CA-9DF1-4261-B75A-27414AF68EAD}.Release|Win32.ActiveCfg = Release|Any CPU
		{42D7F0CA-9DF1-4261-B75A-27414AF68EAD}.Release|x86.ActiveCfg = Release|Any CPU
		{42D7F0CA-9DF1-4261-B75A-27414AF68EAD}.Release|Xbox 360.ActiveCfg = Release|Any CPU
		{42D7F0CA-9DF1-4261-B75A-27414AF68EAD}.Release|Zune.ActiveCfg = Release|Any CPU
		{623E4442-9799-4E22-9B3F-0AEB6FF5BA66}.Debug|Any CPU.ActiveCfg = Debug|x86
		{623E4442-9799-4E22-9B3F-0AEB6FF5BA66}.Debug|Any CPU.Build.0 = Debug|x86
		{623E4442-9799-4E22-9B3F-0AEB6FF5BA66}.Debug|Mixed Platforms.ActiveCfg = Debug|x86
		{623E4442-9799-4E22-9B3F-0AEB6FF5BA66}.Debug|Mixed Platforms.Build.0 = Debug|x86
		{623E4442-9799-4E22-9B3F-0AEB6FF5BA66}.Debug|Win32.ActiveCfg = Debug|x86
		{623E4442-9799-4E22-9B3F-0AEB6FF5BA66}.Debug|x86.ActiveCfg = Debug|x86
		{623E4442-9799-4E22-9B3F-0AEB6FF5BA66}.Debug|x86.Build.0 = Debug|x86
		{623E4442-9799-4E22-9B3F-0AEB6FF5BA66}.Debug|Xbox 360.ActiveCfg = Debug|x86
		{623E4442-9799-4E22-9B3F-0AEB6FF5BA66}.Debug|Zune.ActiveCfg = Debug|x86
		{623E4442-9799-4E22-9B3F-0AEB6FF5BA66}.Release|Any CPU.ActiveCfg = Release|x86
		{623E4442-9799-4E22-9B3F-0AEB6FF5BA66}.Release|Mixed Platforms.ActiveCfg = Release|x86
		{623E4442-9799-4E22-9B3F-0AEB6FF5BA66}.Release|Mixed Platforms.Build.0 = Release|x86
		{623E4442-9799-4E22-9B3F-0AEB6FF5BA66}.Release|Win32.ActiveCfg = Release|x86
		{623E4442-9799-4E22-9B3F-0AEB6FF5BA66}.Release|x86.ActiveCfg = Release|x86
		{623E4442-9799-4E22-9B3F-0AEB6FF5BA66}.Release|x86.Build.0 = Release|x86
		{623E4442-9799-4E22-9B3F-0AEB6FF5BA66}.Release|Xbox 360.ActiveCfg = Release|x86
		{623E4442-9799-4E22-9B3F-0AEB6FF5BA66}.Release|Zune.ActiveCfg = Release|x86
		{C8EEC48A-8A40-47A5-9736-241945E28B24}.Debug|Any CPU.ActiveCfg = Debug|x86
		{C8EEC48A-8A40-47A5-9736-241945E28B24}.Debug|Any CPU.Build.0 = Debug|x86
		{C8EEC48A-8A40-47A5-9736-241945E28B24}.Debug|Mixed Platforms.ActiveCfg = Debug|x86
		{C8EEC48A-8A40-47A5-9736-241945E28B24}.Debug|Mixed Platforms.Build.0 = Debug|x86
		{C8EEC48A-8A40-47A5-9736-241945E28B24}.Debug|Win32.ActiveCfg = Debug|x86
		{C8EEC48A-8A40-47A5-9736-241945E28B24}.Debug|x86.ActiveCfg = Debug|x86
		{C8EEC48A-8A40-47A5-9736-241945E28B24}.Debug|x86.Build.0 = Debug|x86
		{C8EEC48A-8A40-47A5-9736-241945E28B24}.Debug|Xbox 360.ActiveCfg = Debug|x86
		{C8EEC48A-8A40-47A5-9736-241945E28B24}.Debug|Zune.ActiveCfg = Debug|x86
		{C8EEC48A-8A40-47A5-9736-241945E28B24}.Release|Any CPU.ActiveCfg = Release|x86
		{C8EEC48A-8A40-47A5-9736-241945E28B24}.Release|Mixed Platforms.ActiveCfg = Release|x86
		{C8EEC48A-8A40-47A5-9736-241945E28B24}.Release|Mixed Platforms.Build.0 = Release|x86
		{C8EEC48A-8A40-47A5-9736-241945E28B24}.Release|Win32.ActiveCfg = Release|x86
		{C8EEC48A-8A40-47A5-9736-241945E28B24}.Release|x86.ActiveCfg = Release|x86
		{C8EEC48A-8A40-47A5-9736-241945E28B24}.Release|x86.Build.0 = Release|x86
		{C8EEC48A-8A40-47A5-9736-241945E28B24}.Release|Xbox 360.ActiveCfg = Release|x86
		{C8EEC48A-8A40-47A5-9736-241945E28B24}.Release|Zune.ActiveCfg = Release|x86
		{BD129B9F-A51E-423B-A6C7-6C5418CF69CE}.Debug|Any CPU.ActiveCfg = Debug|x86
		{BD129B9F-A51E-423B-A6C7-6C5418CF69CE}.Debug|Mixed Platforms.ActiveCfg = Debug|x86
		{BD129B9F-A51E-423B-A6C7-6C5418CF69CE}.Debug|Win32.ActiveCfg = Debug|x86
		{BD129B9F-A51E-423B-A6C7-6C5418CF69CE}.Debug|x86.ActiveCfg = Debug|x86
		{BD129B9F-A51E-423B-A6C7-6C5418CF69CE}.Debug|Xbox 360.ActiveCfg = Debug|x86
		{BD129B9F-A51E-423B-A6C7-6C5418CF69CE}.Debug|Zune.ActiveCfg = Debug|x86
		{BD129B9F-A51E-423B-A6C7-6C5418CF69CE}.Release|Any CPU.ActiveCfg = Release|x86
		{BD129B9F-A51E-423B-A6C7-6C5418CF69CE}.Release|Mixed Platforms.ActiveCfg = Release|x86
		{BD129B9F-A51E-423B-A6C7-6C5418CF69CE}.Release|Win32.ActiveCfg = Release|x86
		{BD129B9F-A51E-423B-A6C7-6C5418CF69CE}.Release|x86.ActiveCfg = Release|x86
		{BD129B9F-A51E-423B-A6C7-6C5418CF69CE}.Release|Xbox 360.ActiveCfg = Release|x86
		{BD129B9F-A51E-423B-A6C7-6C5418CF69CE}.Release|Zune.ActiveCfg = Release|x86
		{6EA3B8C6-6737-4320-8F22-B0BFF7876FC5}.Debug|Any CPU.ActiveCfg = Debug|Any CPU
		{6EA3B8C6-6737-4320-8F22-B0BFF7876FC5}.Debug|Any CPU.Build.0 = Debug|Any CPU
		{6EA3B8C6-6737-4320-8F22-B0BFF7876FC5}.Debug|Mixed Platforms.ActiveCfg = Debug|x86
		{6EA3B8C6-6737-4320-8F22-B0BFF7876FC5}.Debug|Mixed Platforms.Build.0 = Debug|x86
		{6EA3B8C6-6737-4320-8F22-B0BFF7876FC5}.Debug|Win32.ActiveCfg = Debug|x86
		{6EA3B8C6-6737-4320-8F22-B0BFF7876FC5}.Debug|x86.ActiveCfg = Debug|x86
		{6EA3B8C6-6737-4320-8F22-B0BFF7876FC5}.Debug|x86.Build.0 = Debug|x86
		{6EA3B8C6-6737-4320-8F22-B0BFF7876FC5}.Debug|Xbox 360.ActiveCfg = Debug|x86
		{6EA3B8C6-6737-4320-8F22-B0BFF7876FC5}.Debug|Zune.ActiveCfg = Debug|x86
		{6EA3B8C6-6737-4320-8F22-B0BFF7876FC5}.Release|Any CPU.ActiveCfg = Release|Any CPU
		{6EA3B8C6-6737-4320-8F22-B0BFF7876FC5}.Release|Any CPU.Build.0 = Release|Any CPU
		{6EA3B8C6-6737-4320-8F22-B0BFF7876FC5}.Release|Mixed Platforms.ActiveCfg = Release|x86
		{6EA3B8C6-6737-4320-8F22-B0BFF7876FC5}.Release|Mixed Platforms.Build.0 = Release|x86
		{6EA3B8C6-6737-4320-8F22-B0BFF7876FC5}.Release|Win32.ActiveCfg = Release|x86
		{6EA3B8C6-6737-4320-8F22-B0BFF7876FC5}.Release|x86.ActiveCfg = Release|x86
		{6EA3B8C6-6737-4320-8F22-B0BFF7876FC5}.Release|x86.Build.0 = Release|x86
		{6EA3B8C6-6737-4320-8F22-B0BFF7876FC5}.Release|Xbox 360.ActiveCfg = Release|x86
		{6EA3B8C6-6737-4320-8F22-B0BFF7876FC5}.Release|Zune.ActiveCfg = Release|x86
		{E17BAAB0-CE61-4C0C-B11B-06A3684EEB17}.Debug|Any CPU.ActiveCfg = Debug|x86
		{E17BAAB0-CE61-4C0C-B11B-06A3684EEB17}.Debug|Any CPU.Build.0 = Debug|x86
		{E17BAAB0-CE61-4C0C-B11B-06A3684EEB17}.Debug|Mixed Platforms.ActiveCfg = Debug|x86
		{E17BAAB0-CE61-4C0C-B11B-06A3684EEB17}.Debug|Mixed Platforms.Build.0 = Debug|x86
		{E17BAAB0-CE61-4C0C-B11B-06A3684EEB17}.Debug|Win32.ActiveCfg = Debug|x86
		{E17BAAB0-CE61-4C0C-B11B-06A3684EEB17}.Debug|x86.ActiveCfg = Debug|x86
		{E17BAAB0-CE61-4C0C-B11B-06A3684EEB17}.Debug|x86.Build.0 = Debug|x86
		{E17BAAB0-CE61-4C0C-B11B-06A3684EEB17}.Debug|Xbox 360.ActiveCfg = Debug|x86
		{E17BAAB0-CE61-4C0C-B11B-06A3684EEB17}.Debug|Zune.ActiveCfg = Debug|x86
		{E17BAAB0-CE61-4C0C-B11B-06A3684EEB17}.Release|Any CPU.ActiveCfg = Release|x86
		{E17BAAB0-CE61-4C0C-B11B-06A3684EEB17}.Release|Mixed Platforms.ActiveCfg = Release|x86
		{E17BAAB0-CE61-4C0C-B11B-06A3684EEB17}.Release|Mixed Platforms.Build.0 = Release|x86
		{E17BAAB0-CE61-4C0C-B11B-06A3684EEB17}.Release|Win32.ActiveCfg = Release|x86
		{E17BAAB0-CE61-4C0C-B11B-06A3684EEB17}.Release|x86.ActiveCfg = Release|x86
		{E17BAAB0-CE61-4C0C-B11B-06A3684EEB17}.Release|x86.Build.0 = Release|x86
		{E17BAAB0-CE61-4C0C-B11B-06A3684EEB17}.Release|Xbox 360.ActiveCfg = Release|x86
		{E17BAAB0-CE61-4C0C-B11B-06A3684EEB17}.Release|Zune.ActiveCfg = Release|x86
		{6A64CD1F-DFAB-4C90-8E08-918A6EF0E2F8}.Debug|Any CPU.ActiveCfg = Debug|x86
		{6A64CD1F-DFAB-4C90-8E08-918A6EF0E2F8}.Debug|Mixed Platforms.ActiveCfg = Debug|x86
		{6A64CD1F-DFAB-4C90-8E08-918A6EF0E2F8}.Debug|Win32.ActiveCfg = Debug|x86
		{6A64CD1F-DFAB-4C90-8E08-918A6EF0E2F8}.Debug|x86.ActiveCfg = Debug|x86
		{6A64CD1F-DFAB-4C90-8E08-918A6EF0E2F8}.Debug|Xbox 360.ActiveCfg = Debug|x86
		{6A64CD1F-DFAB-4C90-8E08-918A6EF0E2F8}.Debug|Zune.ActiveCfg = Debug|x86
		{6A64CD1F-DFAB-4C90-8E08-918A6EF0E2F8}.Release|Any CPU.ActiveCfg = Release|x86
		{6A64CD1F-DFAB-4C90-8E08-918A6EF0E2F8}.Release|Mixed Platforms.ActiveCfg = Release|x86
		{6A64CD1F-DFAB-4C90-8E08-918A6EF0E2F8}.Release|Win32.ActiveCfg = Release|x86
		{6A64CD1F-DFAB-4C90-8E08-918A6EF0E2F8}.Release|x86.ActiveCfg = Release|x86
		{6A64CD1F-DFAB-4C90-8E08-918A6EF0E2F8}.Release|Xbox 360.ActiveCfg = Release|x86
		{6A64CD1F-DFAB-4C90-8E08-918A6EF0E2F8}.Release|Zune.ActiveCfg = Release|x86
		{9822C3E3-31A9-47A9-A520-7CD22F67852E}.Debug|Any CPU.ActiveCfg = Debug|Win32
		{9822C3E3-31A9-47A9-A520-7CD22F67852E}.Debug|Any CPU.Build.0 = Debug|Win32
		{9822C3E3-31A9-47A9-A520-7CD22F67852E}.Debug|Mixed Platforms.ActiveCfg = Debug|Win32
		{9822C3E3-31A9-47A9-A520-7CD22F67852E}.Debug|Mixed Platforms.Build.0 = Debug|Win32
		{9822C3E3-31A9-47A9-A520-7CD22F67852E}.Debug|Win32.ActiveCfg = Debug|Win32
		{9822C3E3-31A9-47A9-A520-7CD22F67852E}.Debug|Win32.Build.0 = Debug|Win32
		{9822C3E3-31A9-47A9-A520-7CD22F67852E}.Debug|x86.ActiveCfg = Debug|Win32
		{9822C3E3-31A9-47A9-A520-7CD22F67852E}.Debug|Xbox 360.ActiveCfg = Debug|Win32
		{9822C3E3-31A9-47A9-A520-7CD22F67852E}.Debug|Zune.ActiveCfg = Debug|Win32
		{9822C3E3-31A9-47A9-A520-7CD22F67852E}.Release|Any CPU.ActiveCfg = Release|Win32
		{9822C3E3-31A9-47A9-A520-7CD22F67852E}.Release|Mixed Platforms.ActiveCfg = Release|Win32
		{9822C3E3-31A9-47A9-A520-7CD22F67852E}.Release|Mixed Platforms.Build.0 = Release|Win32
		{9822C3E3-31A9-47A9-A520-7CD22F67852E}.Release|Win32.ActiveCfg = Release|Win32
		{9822C3E3-31A9-47A9-A520-7CD22F67852E}.Release|Win32.Build.0 = Release|Win32
		{9822C3E3-31A9-47A9-A520-7CD22F67852E}.Release|x86.ActiveCfg = Release|Win32
		{9822C3E3-31A9-47A9-A520-7CD22F67852E}.Release|Xbox 360.ActiveCfg = Release|Win32
		{9822C3E3-31A9-47A9-A520-7CD22F67852E}.Release|Zune.ActiveCfg = Release|Win32
		{F3E43AC4-067F-4D6B-8545-1FB6E3CFDE69}.Debug|Any CPU.ActiveCfg = Debug|Any CPU
		{F3E43AC4-067F-4D6B-8545-1FB6E3CFDE69}.Debug|Any CPU.Build.0 = Debug|Any CPU
		{F3E43AC4-067F-4D6B-8545-1FB6E3CFDE69}.Debug|Mixed Platforms.ActiveCfg = Debug|Any CPU
		{F3E43AC4-067F-4D6B-8545-1FB6E3CFDE69}.Debug|Mixed Platforms.Build.0 = Debug|Any CPU
		{F3E43AC4-067F-4D6B-8545-1FB6E3CFDE69}.Debug|Win32.ActiveCfg = Debug|Any CPU
		{F3E43AC4-067F-4D6B-8545-1FB6E3CFDE69}.Debug|x86.ActiveCfg = Debug|Any CPU
		{F3E43AC4-067F-4D6B-8545-1FB6E3CFDE69}.Debug|Xbox 360.ActiveCfg = Debug|Any CPU
		{F3E43AC4-067F-4D6B-8545-1FB6E3CFDE69}.Debug|Zune.ActiveCfg = Debug|Any CPU
		{F3E43AC4-067F-4D6B-8545-1FB6E3CFDE69}.Release|Any CPU.ActiveCfg = Release|Any CPU
		{F3E43AC4-067F-4D6B-8545-1FB6E3CFDE69}.Release|Any CPU.Build.0 = Release|Any CPU
		{F3E43AC4-067F-4D6B-8545-1FB6E3CFDE69}.Release|Mixed Platforms.ActiveCfg = Release|Any CPU
		{F3E43AC4-067F-4D6B-8545-1FB6E3CFDE69}.Release|Mixed Platforms.Build.0 = Release|Any CPU
		{F3E43AC4-067F-4D6B-8545-1FB6E3CFDE69}.Release|Win32.ActiveCfg = Release|Any CPU
		{F3E43AC4-067F-4D6B-8545-1FB6E3CFDE69}.Release|x86.ActiveCfg = Release|Any CPU
		{F3E43AC4-067F-4D6B-8545-1FB6E3CFDE69}.Release|Xbox 360.ActiveCfg = Release|Any CPU
		{F3E43AC4-067F-4D6B-8545-1FB6E3CFDE69}.Release|Zune.ActiveCfg = Release|Any CPU
	EndGlobalSection
	GlobalSection(SolutionProperties) = preSolution
		HideSolutionNode = FALSE
	EndGlobalSection
EndGlobal
