
Microsoft Visual Studio Solution File, Format Version 10.00
# Visual Studio 2008
Project("{FAE04EC0-301F-11D3-BF4B-00C04F79EFBC}") = "platEditor", "platEditor\platEditor.csproj", "{42D7F0CA-9DF1-4261-B75A-27414AF68EAD}"
	ProjectSection(ProjectDependencies) = postProject
		{623E4442-9799-4E22-9B3F-0AEB6FF5BA66} = {623E4442-9799-4E22-9B3F-0AEB6FF5BA66}
		{C8EEC48A-8A40-47A5-9736-241945E28B24} = {C8EEC48A-8A40-47A5-9736-241945E28B24}
	EndProjectSection
EndProject
Project("{FAE04EC0-301F-11D3-BF4B-00C04F79EFBC}") = "Content", "Content\Content.contentproj", "{623E4442-9799-4E22-9B3F-0AEB6FF5BA66}"
EndProject
Project("{FAE04EC0-301F-11D3-BF4B-00C04F79EFBC}") = "DarkSide", "..\DarkSide\DarkSide.csproj", "{C8EEC48A-8A40-47A5-9736-241945E28B24}"
EndProject
Global
	GlobalSection(SolutionConfigurationPlatforms) = preSolution
		Debug|Any CPU = Debug|Any CPU
		Debug|Mixed Platforms = Debug|Mixed Platforms
		Debug|x86 = Debug|x86
		Debug|Xbox 360 = Debug|Xbox 360
		Debug|Zune = Debug|Zune
		Release|Any CPU = Release|Any CPU
		Release|Mixed Platforms = Release|Mixed Platforms
		Release|x86 = Release|x86
		Release|Xbox 360 = Release|Xbox 360
		Release|Zune = Release|Zune
	EndGlobalSection
	GlobalSection(ProjectConfigurationPlatforms) = postSolution
		{42D7F0CA-9DF1-4261-B75A-27414AF68EAD}.Debug|Any CPU.ActiveCfg = Debug|Any CPU
		{42D7F0CA-9DF1-4261-B75A-27414AF68EAD}.Debug|Any CPU.Build.0 = Debug|Any CPU
		{42D7F0CA-9DF1-4261-B75A-27414AF68EAD}.Debug|Mixed Platforms.ActiveCfg = Debug|Any CPU
		{42D7F0CA-9DF1-4261-B75A-27414AF68EAD}.Debug|Mixed Platforms.Build.0 = Debug|Any CPU
		{42D7F0CA-9DF1-4261-B75A-27414AF68EAD}.Debug|x86.ActiveCfg = Debug|Any CPU
		{42D7F0CA-9DF1-4261-B75A-27414AF68EAD}.Debug|Xbox 360.ActiveCfg = Debug|Any CPU
		{42D7F0CA-9DF1-4261-B75A-27414AF68EAD}.Debug|Zune.ActiveCfg = Debug|Any CPU
		{42D7F0CA-9DF1-4261-B75A-27414AF68EAD}.Release|Any CPU.ActiveCfg = Release|Any CPU
		{42D7F0CA-9DF1-4261-B75A-27414AF68EAD}.Release|Any CPU.Build.0 = Release|Any CPU
		{42D7F0CA-9DF1-4261-B75A-27414AF68EAD}.Release|Mixed Platforms.ActiveCfg = Release|Any CPU
		{42D7F0CA-9DF1-4261-B75A-27414AF68EAD}.Release|Mixed Platforms.Build.0 = Release|Any CPU
		{42D7F0CA-9DF1-4261-B75A-27414AF68EAD}.Release|x86.ActiveCfg = Release|Any CPU
		{42D7F0CA-9DF1-4261-B75A-27414AF68EAD}.Release|Xbox 360.ActiveCfg = Release|Any CPU
		{42D7F0CA-9DF1-4261-B75A-27414AF68EAD}.Release|Zune.ActiveCfg = Release|Any CPU
		{623E4442-9799-4E22-9B3F-0AEB6FF5BA66}.Debug|Any CPU.ActiveCfg = Debug|x86
		{623E4442-9799-4E22-9B3F-0AEB6FF5BA66}.Debug|Mixed Platforms.ActiveCfg = Debug|x86
		{623E4442-9799-4E22-9B3F-0AEB6FF5BA66}.Debug|Mixed Platforms.Build.0 = Debug|x86
		{623E4442-9799-4E22-9B3F-0AEB6FF5BA66}.Debug|x86.ActiveCfg = Debug|x86
		{623E4442-9799-4E22-9B3F-0AEB6FF5BA66}.Debug|x86.Build.0 = Debug|x86
		{623E4442-9799-4E22-9B3F-0AEB6FF5BA66}.Debug|Xbox 360.ActiveCfg = Debug|x86
		{623E4442-9799-4E22-9B3F-0AEB6FF5BA66}.Debug|Zune.ActiveCfg = Debug|x86
		{623E4442-9799-4E22-9B3F-0AEB6FF5BA66}.Release|Any CPU.ActiveCfg = Release|x86
		{623E4442-9799-4E22-9B3F-0AEB6FF5BA66}.Release|Mixed Platforms.ActiveCfg = Release|x86
		{623E4442-9799-4E22-9B3F-0AEB6FF5BA66}.Release|Mixed Platforms.Build.0 = Release|x86
		{623E4442-9799-4E22-9B3F-0AEB6FF5BA66}.Release|x86.ActiveCfg = Release|x86
		{623E4442-9799-4E22-9B3F-0AEB6FF5BA66}.Release|x86.Build.0 = Release|x86
		{623E4442-9799-4E22-9B3F-0AEB6FF5BA66}.Release|Xbox 360.ActiveCfg = Release|x86
		{623E4442-9799-4E22-9B3F-0AEB6FF5BA66}.Release|Zune.ActiveCfg = Release|x86
		{C8EEC48A-8A40-47A5-9736-241945E28B24}.Debug|Any CPU.ActiveCfg = Debug|x86
		{C8EEC48A-8A40-47A5-9736-241945E28B24}.Debug|Mixed Platforms.ActiveCfg = Debug|x86
		{C8EEC48A-8A40-47A5-9736-241945E28B24}.Debug|Mixed Platforms.Build.0 = Debug|x86
		{C8EEC48A-8A40-47A5-9736-241945E28B24}.Debug|x86.ActiveCfg = Debug|x86
		{C8EEC48A-8A40-47A5-9736-241945E28B24}.Debug|x86.Build.0 = Debug|x86
		{C8EEC48A-8A40-47A5-9736-241945E28B24}.Debug|Xbox 360.ActiveCfg = Debug|x86
		{C8EEC48A-8A40-47A5-9736-241945E28B24}.Debug|Zune.ActiveCfg = Debug|x86
		{C8EEC48A-8A40-47A5-9736-241945E28B24}.Release|Any CPU.ActiveCfg = Release|x86
		{C8EEC48A-8A40-47A5-9736-241945E28B24}.Release|Mixed Platforms.ActiveCfg = Release|x86
		{C8EEC48A-8A40-47A5-9736-241945E28B24}.Release|Mixed Platforms.Build.0 = Release|x86
		{C8EEC48A-8A40-47A5-9736-241945E28B24}.Release|x86.ActiveCfg = Release|x86
		{C8EEC48A-8A40-47A5-9736-241945E28B24}.Release|x86.Build.0 = Release|x86
		{C8EEC48A-8A40-47A5-9736-241945E28B24}.Release|Xbox 360.ActiveCfg = Release|x86
		{C8EEC48A-8A40-47A5-9736-241945E28B24}.Release|Zune.ActiveCfg = Release|x86
		{FDD4D1AF-2291-4493-8461-145E9D41116B}.Debug|Any CPU.ActiveCfg = Debug|x86
		{FDD4D1AF-2291-4493-8461-145E9D41116B}.Debug|Mixed Platforms.ActiveCfg = Debug|x86
		{FDD4D1AF-2291-4493-8461-145E9D41116B}.Debug|x86.ActiveCfg = Debug|x86
		{FDD4D1AF-2291-4493-8461-145E9D41116B}.Debug|Xbox 360.ActiveCfg = Debug|x86
		{FDD4D1AF-2291-4493-8461-145E9D41116B}.Debug|Zune.ActiveCfg = Debug|x86
		{FDD4D1AF-2291-4493-8461-145E9D41116B}.Release|Any CPU.ActiveCfg = Release|x86
		{FDD4D1AF-2291-4493-8461-145E9D41116B}.Release|Mixed Platforms.ActiveCfg = Release|x86
		{FDD4D1AF-2291-4493-8461-145E9D41116B}.Release|x86.ActiveCfg = Release|x86
		{FDD4D1AF-2291-4493-8461-145E9D41116B}.Release|Xbox 360.ActiveCfg = Release|x86
		{FDD4D1AF-2291-4493-8461-145E9D41116B}.Release|Zune.ActiveCfg = Release|x86
	EndGlobalSection
	GlobalSection(SolutionProperties) = preSolution
		HideSolutionNode = FALSE
	EndGlobalSection
EndGlobal
