
Microsoft Visual Studio Solution File, Format Version 10.00
# Visual Studio 2008
Project("{FAE04EC0-301F-11D3-BF4B-00C04F79EFBC}") = "WindowsGame2", "WindowsGame2\WindowsGame2.csproj", "{F7040E52-2B72-451D-A12D-13A5539A076F}"
EndProject
Global
	GlobalSection(SolutionConfigurationPlatforms) = preSolution
		Debug|x86 = Debug|x86
		Release|x86 = Release|x86
	EndGlobalSection
	GlobalSection(ProjectConfigurationPlatforms) = postSolution
		{F7040E52-2B72-451D-A12D-13A5539A076F}.Debug|x86.ActiveCfg = Debug|x86
		{F7040E52-2B72-451D-A12D-13A5539A076F}.Debug|x86.Build.0 = Debug|x86
		{F7040E52-2B72-451D-A12D-13A5539A076F}.Release|x86.ActiveCfg = Release|x86
		{F7040E52-2B72-451D-A12D-13A5539A076F}.Release|x86.Build.0 = Release|x86
		{EF4E76BC-5A99-4A3E-BD51-E924982E5958}.Debug|x86.ActiveCfg = Debug|x86
		{EF4E76BC-5A99-4A3E-BD51-E924982E5958}.Release|x86.ActiveCfg = Release|x86
	EndGlobalSection
	GlobalSection(SolutionProperties) = preSolution
		HideSolutionNode = FALSE
	EndGlobalSection
EndGlobal
